
Microsoft Visual Studio Solution File, Format Version 12.00
# Visual Studio Version 17
VisualStudioVersion = 17.0.32112.339
MinimumVisualStudioVersion = 10.0.40219.1
Project("{9A19103F-16F7-4668-BE54-9A1E7A4F7556}") = "EmployeeManagementWebApp", "EmployeeManagementWebApp\EmployeeManagementWebApp.csproj", "{D3723E76-3D84-45B1-89E2-F4B233A29630}"
EndProject
Project("{9A19103F-16F7-4668-BE54-9A1E7A4F7556}") = "EmployeeManagementWebApp.Data", "EmployeeManagementWebApp.Data\EmployeeManagementWebApp.Data.csproj", "{A497D0F6-8673-4272-8066-235980490356}"
EndProject
Project("{9A19103F-16F7-4668-BE54-9A1E7A4F7556}") = "EmployeeManagementWebApp.Models", "EmployeeManagementWebApp.Models\EmployeeManagementWebApp.Models.csproj", "{BB291CA4-43F2-4FFC-A86D-BAD54784D3CE}"
EndProject
Global
	GlobalSection(SolutionConfigurationPlatforms) = preSolution
		Debug|Any CPU = Debug|Any CPU
		Release|Any CPU = Release|Any CPU
	EndGlobalSection
	GlobalSection(ProjectConfigurationPlatforms) = postSolution
		{D3723E76-3D84-45B1-89E2-F4B233A29630}.Debug|Any CPU.ActiveCfg = Debug|Any CPU
		{D3723E76-3D84-45B1-89E2-F4B233A29630}.Debug|Any CPU.Build.0 = Debug|Any CPU
		{D3723E76-3D84-45B1-89E2-F4B233A29630}.Release|Any CPU.ActiveCfg = Release|Any CPU
		{D3723E76-3D84-45B1-89E2-F4B233A29630}.Release|Any CPU.Build.0 = Release|Any CPU
		{A497D0F6-8673-4272-8066-235980490356}.Debug|Any CPU.ActiveCfg = Debug|Any CPU
		{A497D0F6-8673-4272-8066-235980490356}.Debug|Any CPU.Build.0 = Debug|Any CPU
		{A497D0F6-8673-4272-8066-235980490356}.Release|Any CPU.ActiveCfg = Release|Any CPU
		{A497D0F6-8673-4272-8066-235980490356}.Release|Any CPU.Build.0 = Release|Any CPU
		{BB291CA4-43F2-4FFC-A86D-BAD54784D3CE}.Debug|Any CPU.ActiveCfg = Debug|Any CPU
		{BB291CA4-43F2-4FFC-A86D-BAD54784D3CE}.Debug|Any CPU.Build.0 = Debug|Any CPU
		{BB291CA4-43F2-4FFC-A86D-BAD54784D3CE}.Release|Any CPU.ActiveCfg = Release|Any CPU
		{BB291CA4-43F2-4FFC-A86D-BAD54784D3CE}.Release|Any CPU.Build.0 = Release|Any CPU
	EndGlobalSection
	GlobalSection(SolutionProperties) = preSolution
		HideSolutionNode = FALSE
	EndGlobalSection
	GlobalSection(ExtensibilityGlobals) = postSolution
		SolutionGuid = {510C36F6-9DCE-4784-8B86-C34D67CBEB44}
	EndGlobalSection
EndGlobal
